PODS:
  - AFNetworking (2.0.0-RC2):
    - AFNetworking/Core
    - AFNetworking/UIKit+AFNetworking
  - AFNetworking/Core (2.0.0-RC2)
  - AFNetworking/UIKit+AFNetworking (2.0.0-RC2)
  - HTMLReader (0.0.1-alpha.6)

DEPENDENCIES:
  - AFNetworking (= 2.0.0-RC2)
  - HTMLReader (from `https://github.com/nolanw/HTMLReader`)

EXTERNAL SOURCES:
  HTMLReader:
    :git: https://github.com/nolanw/HTMLReader

SPEC CHECKSUMS:
  AFNetworking: 6b19d8a0793f342d8c879cd0af9d7488e54addcf
  HTMLReader: be8607505ee69ceccc0e3d64692db95c313f8cad

COCOAPODS: 0.23.0
